PODS:
  - AppCenter/Analytics (1.6.0):
    - AppCenter/Core
  - AppCenter/Core (1.6.0)
  - AppCenter/Crashes (1.6.0):
    - AppCenter/Core
  - AppCenterReactNativeShared (1.5.0):
    - AppCenter/Core (= 1.6.0)

DEPENDENCIES:
  - AppCenter/Analytics (~> 1.6.0)
  - AppCenter/Crashes (~> 1.6.0)
  - AppCenterReactNativeShared (~> 1.5.0)

SPEC REPOS:
  https://github.com/cocoapods/specs.git:
    - AppCenter
    - AppCenterReactNativeShared

SPEC CHECKSUMS:
  AppCenter: 0264311ca85399ba0f7241e67d27a5d829c43ba9
  AppCenterReactNativeShared: ebcbf057298a65443c59c4a70a3637ebc95dfa9e

PODFILE CHECKSUM: d5d92422b1b4c9e64723a5997f375011a6f2e2aa

COCOAPODS: 1.5.2
